// !$*UTF8*$!
{
	archiveVersion = 1;
	classes = {
	};
	objectVersion = 46;
	objects = {

/* Begin PBXBuildFile section */
		CE26C7521CCDE7FF00E9D894 /* main.m in Sources */ = {isa = PBXBuildFile; fileRef = CE26C7511CCDE7FF00E9D894 /* main.m */; };
		CE26C7551CCDE7FF00E9D894 /* AppDelegate.m in Sources */ = {isa = PBXBuildFile; fileRef = CE26C7541CCDE7FF00E9D894 /* AppDelegate.m */; };
		CE26C7581CCDE7FF00E9D894 /* ViewController.m in Sources */ = {isa = PBXBuildFile; fileRef = CE26C7571CCDE7FF00E9D894 /* ViewController.m */; };
		CE26C75B1CCDE7FF00E9D894 /* Main.storyboard in Resources */ = {isa = PBXBuildFile; fileRef = CE26C7591CCDE7FF00E9D894 /* Main.storyboard */; };
		CE26C75D1CCDE7FF00E9D894 /* Images.xcassets in Resources */ = {isa = PBXBuildFile; fileRef = CE26C75C1CCDE7FF00E9D894 /* Images.xcassets */; };
		CE26C7601CCDE7FF00E9D894 /* LaunchScreen.xib in Resources */ = {isa = PBXBuildFile; fileRef = CE26C75E1CCDE7FF00E9D894 /* LaunchScreen.xib */; };
		CE26C76C1CCDE80000E9D894 /* ViewExampleTests.m in Sources */ = {isa = PBXBuildFile; fileRef = CE26C76B1CCDE80000E9D894 /* ViewExampleTests.m */; };
		CE26C7791CCDEC5500E9D894 /* InfoViewController.m in Sources */ = {isa = PBXBuildFile; fileRef = CE26C7781CCDEC5500E9D894 /* InfoViewController.m */; };
		CE26C77F1CCDFBC000E9D894 /* NetAdapter.m in Sources */ = {isa = PBXBuildFile; fileRef = CE26C77B1CCDFBC000E9D894 /* NetAdapter.m */; };
		CE26C7801CCDFBC000E9D894 /* Station.m in Sources */ = {isa = PBXBuildFile; fileRef = CE26C77E1CCDFBC000E9D894 /* Station.m */; };
		CE26C7831CCDFBC900E9D894 /* StationController.m in Sources */ = {isa = PBXBuildFile; fileRef = CE26C7821CCDFBC900E9D894 /* StationController.m */; };
		CE980F0B1CEB0334001B7D96 /* bs.png in Resources */ = {isa = PBXBuildFile; fileRef = CE980F0A1CEB0334001B7D96 /* bs.png */; };
		CE980F621CEC6CD9001B7D96 /* CustomView.m in Sources */ = {isa = PBXBuildFile; fileRef = CE980F611CEC6CD9001B7D96 /* CustomView.m */; };
		CE980F6D1CEC6CE2001B7D96 /* traffic_arr.png in Resources */ = {isa = PBXBuildFile; fileRef = CE980F631CEC6CE2001B7D96 /* traffic_arr.png */; };
		CE980F6E1CEC6CE2001B7D96 /* traffic_busicon.png in Resources */ = {isa = PBXBuildFile; fileRef = CE980F641CEC6CE2001B7D96 /* traffic_busicon.png */; };
		CE980F6F1CEC6CE2001B7D96 /* traffic_Cpoint.png in Resources */ = {isa = PBXBuildFile; fileRef = CE980F651CEC6CE2001B7D96 /* traffic_Cpoint.png */; };
		CE980F701CEC6CE2001B7D96 /* traffic_down.png in Resources */ = {isa = PBXBuildFile; fileRef = CE980F661CEC6CE2001B7D96 /* traffic_down.png */; };
		CE980F711CEC6CE2001B7D96 /* traffic_micon.png in Resources */ = {isa = PBXBuildFile; fileRef = CE980F671CEC6CE2001B7D96 /* traffic_micon.png */; };
		CE980F721CEC6CE2001B7D96 /* traffic_okicon.png in Resources */ = {isa = PBXBuildFile; fileRef = CE980F681CEC6CE2001B7D96 /* traffic_okicon.png */; };
		CE980F731CEC6CE2001B7D96 /* traffic_point.png in Resources */ = {isa = PBXBuildFile; fileRef = CE980F691CEC6CE2001B7D96 /* traffic_point.png */; };
		CE980F741CEC6CE2001B7D96 /* traffic_shu.png in Resources */ = {isa = PBXBuildFile; fileRef = CE980F6A1CEC6CE2001B7D96 /* traffic_shu.png */; };
		CE980F751CEC6CE2001B7D96 /* traffic_sicon.png in Resources */ = {isa = PBXBuildFile; fileRef = CE980F6B1CEC6CE2001B7D96 /* traffic_sicon.png */; };
		CE980F761CEC6CE2001B7D96 /* traffic_up.png in Resources */ = {isa = PBXBuildFile; fileRef = CE980F6C1CEC6CE2001B7D96 /* traffic_up.png */; };
		CE980F791CEC6E84001B7D96 /* AutoLayoutUtils.m in Sources */ = {isa = PBXBuildFile; fileRef = CE980F781CEC6E84001B7D96 /* AutoLayoutUtils.m */; };
		CE980FB61CEEF9EE001B7D96 /* CustomTableCell.m in Sources */ = {isa = PBXBuildFile; fileRef = CE980FB51CEEF9EE001B7D96 /* CustomTableCell.m */; };
		D0EB7E001CD0248200524506 /* MLPAutoCompleteTextField.m in Sources */ = {isa = PBXBuildFile; fileRef = D0EB7DFB1CD0248200524506 /* MLPAutoCompleteTextField.m */; };
		D0EB7E011CD0248200524506 /* NSString+Levenshtein.m in Sources */ = {isa = PBXBuildFile; fileRef = D0EB7DFF1CD0248200524506 /* NSString+Levenshtein.m */; };
		D0EB7E041CD0248C00524506 /* MLPCustomAutoCompleteCell.m in Sources */ = {isa = PBXBuildFile; fileRef = D0EB7E031CD0248C00524506 /* MLPCustomAutoCompleteCell.m */; };
/* End PBXBuildFile section */

/* Begin PBXContainerItemProxy section */
		CE26C7661CCDE80000E9D894 /* PBXContainerItemProxy */ = {
			isa = PBXContainerItemProxy;
			containerPortal = CE26C7441CCDE7FF00E9D894 /* Project object */;
			proxyType = 1;
			remoteGlobalIDString = CE26C74B1CCDE7FF00E9D894;
			remoteInfo = ViewExample;
		};
/* End PBXContainerItemProxy section */

/* Begin PBXFileReference section */
		CE26C74C1CCDE7FF00E9D894 /* ViewExample.app */ = {isa = PBXFileReference; explicitFileType = wrapper.application; includeInIndex = 0; path = ViewExample.app; sourceTree = BUILT_PRODUCTS_DIR; };
		CE26C7501CCDE7FF00E9D894 /* Info.plist */ = {isa = PBXFileReference; lastKnownFileType = text.plist.xml; path = Info.plist; sourceTree = "<group>"; };
		CE26C7511CCDE7FF00E9D894 /* main.m */ = {isa = PBXFileReference; lastKnownFileType = sourcecode.c.objc; path = main.m; sourceTree = "<group>"; };
		CE26C7531CCDE7FF00E9D894 /* AppDelegate.h */ = {isa = PBXFileReference; lastKnownFileType = sourcecode.c.h; path = AppDelegate.h; sourceTree = "<group>"; };
		CE26C7541CCDE7FF00E9D894 /* AppDelegate.m */ = {isa = PBXFileReference; lastKnownFileType = sourcecode.c.objc; path = AppDelegate.m; sourceTree = "<group>"; };
		CE26C7561CCDE7FF00E9D894 /* ViewController.h */ = {isa = PBXFileReference; lastKnownFileType = sourcecode.c.h; path = ViewController.h; sourceTree = "<group>"; };
		CE26C7571CCDE7FF00E9D894 /* ViewController.m */ = {isa = PBXFileReference; lastKnownFileType = sourcecode.c.objc; path = ViewController.m; sourceTree = "<group>"; };
		CE26C75A1CCDE7FF00E9D894 /* Base */ = {isa = PBXFileReference; lastKnownFileType = file.storyboard; name = Base; path = Base.lproj/Main.storyboard; sourceTree = "<group>"; };
		CE26C75C1CCDE7FF00E9D894 /* Images.xcassets */ = {isa = PBXFileReference; lastKnownFileType = folder.assetcatalog; path = Images.xcassets; sourceTree = "<group>"; };
		CE26C75F1CCDE7FF00E9D894 /* Base */ = {isa = PBXFileReference; lastKnownFileType = file.xib; name = Base; path = Base.lproj/LaunchScreen.xib; sourceTree = "<group>"; };
		CE26C7651CCDE80000E9D894 /* ViewExampleTests.xctest */ = {isa = PBXFileReference; explicitFileType = wrapper.cfbundle; includeInIndex = 0; path = ViewExampleTests.xctest; sourceTree = BUILT_PRODUCTS_DIR; };
		CE26C76A1CCDE80000E9D894 /* Info.plist */ = {isa = PBXFileReference; lastKnownFileType = text.plist.xml; path = Info.plist; sourceTree = "<group>"; };
		CE26C76B1CCDE80000E9D894 /* ViewExampleTests.m */ = {isa = PBXFileReference; lastKnownFileType = sourcecode.c.objc; path = ViewExampleTests.m; sourceTree = "<group>"; };
		CE26C7771CCDEC5500E9D894 /* InfoViewController.h */ = {isa = PBXFileReference; fileEncoding = 4; lastKnownFileType = sourcecode.c.h; path = InfoViewController.h; sourceTree = "<group>"; };
		CE26C7781CCDEC5500E9D894 /* InfoViewController.m */ = {isa = PBXFileReference; fileEncoding = 4; lastKnownFileType = sourcecode.c.objc; path = InfoViewController.m; sourceTree = "<group>"; };
		CE26C77A1CCDFBC000E9D894 /* NetAdapter.h */ = {isa = PBXFileReference; fileEncoding = 4; lastKnownFileType = sourcecode.c.h; path = NetAdapter.h; sourceTree = "<group>"; };
		CE26C77B1CCDFBC000E9D894 /* NetAdapter.m */ = {isa = PBXFileReference; fileEncoding = 4; lastKnownFileType = sourcecode.c.objc; path = NetAdapter.m; sourceTree = "<group>"; };
		CE26C77C1CCDFBC000E9D894 /* NetProtocol.h */ = {isa = PBXFileReference; fileEncoding = 4; lastKnownFileType = sourcecode.c.h; path = NetProtocol.h; sourceTree = "<group>"; };
		CE26C77D1CCDFBC000E9D894 /* Station.h */ = {isa = PBXFileReference; fileEncoding = 4; lastKnownFileType = sourcecode.c.h; path = Station.h; sourceTree = "<group>"; };
		CE26C77E1CCDFBC000E9D894 /* Station.m */ = {isa = PBXFileReference; fileEncoding = 4; lastKnownFileType = sourcecode.c.objc; path = Station.m; sourceTree = "<group>"; };
		CE26C7811CCDFBC900E9D894 /* StationController.h */ = {isa = PBXFileReference; fileEncoding = 4; lastKnownFileType = sourcecode.c.h; path = StationController.h; sourceTree = "<group>"; };
		CE26C7821CCDFBC900E9D894 /* StationController.m */ = {isa = PBXFileReference; fileEncoding = 4; lastKnownFileType = sourcecode.c.objc; path = StationController.m; sourceTree = "<group>"; };
		CE980F0A1CEB0334001B7D96 /* bs.png */ = {isa = PBXFileReference; lastKnownFileType = image.png; path = bs.png; sourceTree = SOURCE_ROOT; };
		CE980F601CEC6CD9001B7D96 /* CustomView.h */ = {isa = PBXFileReference; fileEncoding = 4; lastKnownFileType = sourcecode.c.h; path = CustomView.h; sourceTree = "<group>"; };
		CE980F611CEC6CD9001B7D96 /* CustomView.m */ = {isa = PBXFileReference; fileEncoding = 4; lastKnownFileType = sourcecode.c.objc; path = CustomView.m; sourceTree = "<group>"; };
		CE980F631CEC6CE2001B7D96 /* traffic_arr.png */ = {isa = PBXFileReference; lastKnownFileType = image.png; path = traffic_arr.png; sourceTree = SOURCE_ROOT; };
		CE980F641CEC6CE2001B7D96 /* traffic_busicon.png */ = {isa = PBXFileReference; lastKnownFileType = image.png; path = traffic_busicon.png; sourceTree = SOURCE_ROOT; };
		CE980F651CEC6CE2001B7D96 /* traffic_Cpoint.png */ = {isa = PBXFileReference; lastKnownFileType = image.png; path = traffic_Cpoint.png; sourceTree = SOURCE_ROOT; };
		CE980F661CEC6CE2001B7D96 /* traffic_down.png */ = {isa = PBXFileReference; lastKnownFileType = image.png; path = traffic_down.png; sourceTree = SOURCE_ROOT; };
		CE980F671CEC6CE2001B7D96 /* traffic_micon.png */ = {isa = PBXFileReference; lastKnownFileType = image.png; path = traffic_micon.png; sourceTree = SOURCE_ROOT; };
		CE980F681CEC6CE2001B7D96 /* traffic_okicon.png */ = {isa = PBXFileReference; lastKnownFileType = image.png; path = traffic_okicon.png; sourceTree = SOURCE_ROOT; };
		CE980F691CEC6CE2001B7D96 /* traffic_point.png */ = {isa = PBXFileReference; lastKnownFileType = image.png; path = traffic_point.png; sourceTree = SOURCE_ROOT; };
		CE980F6A1CEC6CE2001B7D96 /* traffic_shu.png */ = {isa = PBXFileReference; lastKnownFileType = image.png; path = traffic_shu.png; sourceTree = SOURCE_ROOT; };
		CE980F6B1CEC6CE2001B7D96 /* traffic_sicon.png */ = {isa = PBXFileReference; lastKnownFileType = image.png; path = traffic_sicon.png; sourceTree = SOURCE_ROOT; };
		CE980F6C1CEC6CE2001B7D96 /* traffic_up.png */ = {isa = PBXFileReference; lastKnownFileType = image.png; path = traffic_up.png; sourceTree = SOURCE_ROOT; };
		CE980F771CEC6E84001B7D96 /* AutoLayoutUtils.h */ = {isa = PBXFileReference; fileEncoding = 4; lastKnownFileType = sourcecode.c.h; path = AutoLayoutUtils.h; sourceTree = "<group>"; };
		CE980F781CEC6E84001B7D96 /* AutoLayoutUtils.m */ = {isa = PBXFileReference; fileEncoding = 4; lastKnownFileType = sourcecode.c.objc; path = AutoLayoutUtils.m; sourceTree = "<group>"; };
		CE980FB41CEEF9EE001B7D96 /* CustomTableCell.h */ = {isa = PBXFileReference; fileEncoding = 4; lastKnownFileType = sourcecode.c.h; path = CustomTableCell.h; sourceTree = "<group>"; };
		CE980FB51CEEF9EE001B7D96 /* CustomTableCell.m */ = {isa = PBXFileReference; fileEncoding = 4; lastKnownFileType = sourcecode.c.objc; path = CustomTableCell.m; sourceTree = "<group>"; };
		D0EB7DFA1CD0248200524506 /* MLPAutoCompleteTextField.h */ = {isa = PBXFileReference; fileEncoding = 4; lastKnownFileType = sourcecode.c.h; path = MLPAutoCompleteTextField.h; sourceTree = "<group>"; };
		D0EB7DFB1CD0248200524506 /* MLPAutoCompleteTextField.m */ = {isa = PBXFileReference; fileEncoding = 4; lastKnownFileType = sourcecode.c.objc; path = MLPAutoCompleteTextField.m; sourceTree = "<group>"; };
		D0EB7DFC1CD0248200524506 /* MLPAutoCompleteTextFieldDataSource.h */ = {isa = PBXFileReference; fileEncoding = 4; lastKnownFileType = sourcecode.c.h; path = MLPAutoCompleteTextFieldDataSource.h; sourceTree = "<group>"; };
		D0EB7DFD1CD0248200524506 /* MLPAutoCompleteTextFieldDelegate.h */ = {isa = PBXFileReference; fileEncoding = 4; lastKnownFileType = sourcecode.c.h; path = MLPAutoCompleteTextFieldDelegate.h; sourceTree = "<group>"; };
		D0EB7DFE1CD0248200524506 /* NSString+Levenshtein.h */ = {isa = PBXFileReference; fileEncoding = 4; lastKnownFileType = sourcecode.c.h; path = "NSString+Levenshtein.h"; sourceTree = "<group>"; };
		D0EB7DFF1CD0248200524506 /* NSString+Levenshtein.m */ = {isa = PBXFileReference; fileEncoding = 4; lastKnownFileType = sourcecode.c.objc; path = "NSString+Levenshtein.m"; sourceTree = "<group>"; };
		D0EB7E021CD0248C00524506 /* MLPCustomAutoCompleteCell.h */ = {isa = PBXFileReference; fileEncoding = 4; lastKnownFileType = sourcecode.c.h; path = MLPCustomAutoCompleteCell.h; sourceTree = "<group>"; };
		D0EB7E031CD0248C00524506 /* MLPCustomAutoCompleteCell.m */ = {isa = PBXFileReference; fileEncoding = 4; lastKnownFileType = sourcecode.c.objc; path = MLPCustomAutoCompleteCell.m; sourceTree = "<group>"; };
/* End PBXFileReference section */

/* Begin PBXFrameworksBuildPhase section */
		CE26C7491CCDE7FF00E9D894 /* Frameworks */ = {
			isa = PBXFrameworksBuildPhase;
			buildActionMask = 2147483647;
			files = (
			);
			runOnlyForDeploymentPostprocessing = 0;
		};
		CE26C7621CCDE80000E9D894 /* Frameworks */ = {
			isa = PBXFrameworksBuildPhase;
			buildActionMask = 2147483647;
			files = (
			);
			runOnlyForDeploymentPostprocessing = 0;
		};
/* End PBXFrameworksBuildPhase section */

/* Begin PBXGroup section */
		CE26C7431CCDE7FF00E9D894 = {
			isa = PBXGroup;
			children = (
				D0EB7DF91CD0248200524506 /* MLPAutoCompleteTextField */,
				CE26C74E1CCDE7FF00E9D894 /* ViewExample */,
				CE26C7681CCDE80000E9D894 /* ViewExampleTests */,
				CE26C74D1CCDE7FF00E9D894 /* Products */,
			);
			sourceTree = "<group>";
		};
		CE26C74D1CCDE7FF00E9D894 /* Products */ = {
			isa = PBXGroup;
			children = (
				CE26C74C1CCDE7FF00E9D894 /* ViewExample.app */,
				CE26C7651CCDE80000E9D894 /* ViewExampleTests.xctest */,
			);
			name = Products;
			sourceTree = "<group>";
		};
		CE26C74E1CCDE7FF00E9D894 /* ViewExample */ = {
			isa = PBXGroup;
			children = (
				CE980FB41CEEF9EE001B7D96 /* CustomTableCell.h */,
				CE980FB51CEEF9EE001B7D96 /* CustomTableCell.m */,
				CE980F771CEC6E84001B7D96 /* AutoLayoutUtils.h */,
				CE980F781CEC6E84001B7D96 /* AutoLayoutUtils.m */,
				CE980F631CEC6CE2001B7D96 /* traffic_arr.png */,
				CE980F641CEC6CE2001B7D96 /* traffic_busicon.png */,
				CE980F651CEC6CE2001B7D96 /* traffic_Cpoint.png */,
				CE980F661CEC6CE2001B7D96 /* traffic_down.png */,
				CE980F671CEC6CE2001B7D96 /* traffic_micon.png */,
				CE980F681CEC6CE2001B7D96 /* traffic_okicon.png */,
				CE980F691CEC6CE2001B7D96 /* traffic_point.png */,
				CE980F6A1CEC6CE2001B7D96 /* traffic_shu.png */,
				CE980F6B1CEC6CE2001B7D96 /* traffic_sicon.png */,
				CE980F6C1CEC6CE2001B7D96 /* traffic_up.png */,
				CE980F601CEC6CD9001B7D96 /* CustomView.h */,
				CE980F611CEC6CD9001B7D96 /* CustomView.m */,
				CE980F0A1CEB0334001B7D96 /* bs.png */,
				D0EB7E021CD0248C00524506 /* MLPCustomAutoCompleteCell.h */,
				D0EB7E031CD0248C00524506 /* MLPCustomAutoCompleteCell.m */,
				CE26C7811CCDFBC900E9D894 /* StationController.h */,
				CE26C7821CCDFBC900E9D894 /* StationController.m */,
				CE26C77A1CCDFBC000E9D894 /* NetAdapter.h */,
				CE26C77B1CCDFBC000E9D894 /* NetAdapter.m */,
				CE26C77C1CCDFBC000E9D894 /* NetProtocol.h */,
				CE26C77D1CCDFBC000E9D894 /* Station.h */,
				CE26C77E1CCDFBC000E9D894 /* Station.m */,
				CE26C7531CCDE7FF00E9D894 /* AppDelegate.h */,
				CE26C7541CCDE7FF00E9D894 /* AppDelegate.m */,
				CE26C7561CCDE7FF00E9D894 /* ViewController.h */,
				CE26C7571CCDE7FF00E9D894 /* ViewController.m */,
				CE26C7591CCDE7FF00E9D894 /* Main.storyboard */,
				CE26C75C1CCDE7FF00E9D894 /* Images.xcassets */,
				CE26C75E1CCDE7FF00E9D894 /* LaunchScreen.xib */,
				CE26C74F1CCDE7FF00E9D894 /* Supporting Files */,
				CE26C7771CCDEC5500E9D894 /* InfoViewController.h */,
				CE26C7781CCDEC5500E9D894 /* InfoViewController.m */,
			);
			path = ViewExample;
			sourceTree = "<group>";
		};
		CE26C74F1CCDE7FF00E9D894 /* Supporting Files */ = {
			isa = PBXGroup;
			children = (
				CE26C7501CCDE7FF00E9D894 /* Info.plist */,
				CE26C7511CCDE7FF00E9D894 /* main.m */,
			);
			name = "Supporting Files";
			sourceTree = "<group>";
		};
		CE26C7681CCDE80000E9D894 /* ViewExampleTests */ = {
			isa = PBXGroup;
			children = (
				CE26C76B1CCDE80000E9D894 /* ViewExampleTests.m */,
				CE26C7691CCDE80000E9D894 /* Supporting Files */,
			);
			path = ViewExampleTests;
			sourceTree = "<group>";
		};
		CE26C7691CCDE80000E9D894 /* Supporting Files */ = {
			isa = PBXGroup;
			children = (
				CE26C76A1CCDE80000E9D894 /* Info.plist */,
			);
			name = "Supporting Files";
			sourceTree = "<group>";
		};
		D0EB7DF91CD0248200524506 /* MLPAutoCompleteTextField */ = {
			isa = PBXGroup;
			children = (
				D0EB7DFA1CD0248200524506 /* MLPAutoCompleteTextField.h */,
				D0EB7DFB1CD0248200524506 /* MLPAutoCompleteTextField.m */,
				D0EB7DFC1CD0248200524506 /* MLPAutoCompleteTextFieldDataSource.h */,
				D0EB7DFD1CD0248200524506 /* MLPAutoCompleteTextFieldDelegate.h */,
				D0EB7DFE1CD0248200524506 /* NSString+Levenshtein.h */,
				D0EB7DFF1CD0248200524506 /* NSString+Levenshtein.m */,
			);
			path = MLPAutoCompleteTextField;
			sourceTree = "<group>";
		};
/* End PBXGroup section */

/* Begin PBXNativeTarget section */
		CE26C74B1CCDE7FF00E9D894 /* ViewExample */ = {
			isa = PBXNativeTarget;
			buildConfigurationList = CE26C76F1CCDE80000E9D894 /* Build configuration list for PBXNativeTarget "ViewExample" */;
			buildPhases = (
				CE26C7481CCDE7FF00E9D894 /* Sources */,
				CE26C7491CCDE7FF00E9D894 /* Frameworks */,
				CE26C74A1CCDE7FF00E9D894 /* Resources */,
			);
			buildRules = (
			);
			dependencies = (
			);
			name = ViewExample;
			productName = ViewExample;
			productReference = CE26C74C1CCDE7FF00E9D894 /* ViewExample.app */;
			productType = "com.apple.product-type.application";
		};
		CE26C7641CCDE80000E9D894 /* ViewExampleTests */ = {
			isa = PBXNativeTarget;
			buildConfigurationList = CE26C7721CCDE80000E9D894 /* Build configuration list for PBXNativeTarget "ViewExampleTests" */;
			buildPhases = (
				CE26C7611CCDE80000E9D894 /* Sources */,
				CE26C7621CCDE80000E9D894 /* Frameworks */,
				CE26C7631CCDE80000E9D894 /* Resources */,
			);
			buildRules = (
			);
			dependencies = (
				CE26C7671CCDE80000E9D894 /* PBXTargetDependency */,
			);
			name = ViewExampleTests;
			productName = ViewExampleTests;
			productReference = CE26C7651CCDE80000E9D894 /* ViewExampleTests.xctest */;
			productType = "com.apple.product-type.bundle.unit-test";
		};
/* End PBXNativeTarget section */

/* Begin PBXProject section */
		CE26C7441CCDE7FF00E9D894 /* Project object */ = {
			isa = PBXProject;
			attributes = {
				LastUpgradeCheck = 0640;
				ORGANIZATIONNAME = User;
				TargetAttributes = {
					CE26C74B1CCDE7FF00E9D894 = {
						CreatedOnToolsVersion = 6.4;
					};
					CE26C7641CCDE80000E9D894 = {
						CreatedOnToolsVersion = 6.4;
						TestTargetID = CE26C74B1CCDE7FF00E9D894;
					};
				};
			};
			buildConfigurationList = CE26C7471CCDE7FF00E9D894 /* Build configuration list for PBXProject "ViewExample" */;
			compatibilityVersion = "Xcode 3.2";
			developmentRegion = English;
			hasScannedForEncodings = 0;
			knownRegions = (
				en,
				Base,
			);
			mainGroup = CE26C7431CCDE7FF00E9D894;
			productRefGroup = CE26C74D1CCDE7FF00E9D894 /* Products */;
			projectDirPath = "";
			projectRoot = "";
			targets = (
				CE26C74B1CCDE7FF00E9D894 /* ViewExample */,
				CE26C7641CCDE80000E9D894 /* ViewExampleTests */,
			);
		};
/* End PBXProject section */

/* Begin PBXResourcesBuildPhase section */
		CE26C74A1CCDE7FF00E9D894 /* Resources */ = {
			isa = PBXResourcesBuildPhase;
			buildActionMask = 2147483647;
			files = (
				CE980F741CEC6CE2001B7D96 /* traffic_shu.png in Resources */,
				CE980F6D1CEC6CE2001B7D96 /* traffic_arr.png in Resources */,
				CE980F701CEC6CE2001B7D96 /* traffic_down.png in Resources */,
				CE980F6E1CEC6CE2001B7D96 /* traffic_busicon.png in Resources */,
				CE980F761CEC6CE2001B7D96 /* traffic_up.png in Resources */,
				CE980F711CEC6CE2001B7D96 /* traffic_micon.png in Resources */,
				CE980F721CEC6CE2001B7D96 /* traffic_okicon.png in Resources */,
				CE26C75B1CCDE7FF00E9D894 /* Main.storyboard in Resources */,
				CE980F6F1CEC6CE2001B7D96 /* traffic_Cpoint.png in Resources */,
				CE26C7601CCDE7FF00E9D894 /* LaunchScreen.xib in Resources */,
				CE980F0B1CEB0334001B7D96 /* bs.png in Resources */,
				CE980F751CEC6CE2001B7D96 /* traffic_sicon.png in Resources */,
				CE980F731CEC6CE2001B7D96 /* traffic_point.png in Resources */,
				CE26C75D1CCDE7FF00E9D894 /* Images.xcassets in Resources */,
			);
			runOnlyForDeploymentPostprocessing = 0;
		};
		CE26C7631CCDE80000E9D894 /* Resources */ = {
			isa = PBXResourcesBuildPhase;
			buildActionMask = 2147483647;
			files = (
			);
			runOnlyForDeploymentPostprocessing = 0;
		};
/* End PBXResourcesBuildPhase section */

/* Begin PBXSourcesBuildPhase section */
		CE26C7481CCDE7FF00E9D894 /* Sources */ = {
			isa = PBXSourcesBuildPhase;
			buildActionMask = 2147483647;
			files = (
				CE980F791CEC6E84001B7D96 /* AutoLayoutUtils.m in Sources */,
				D0EB7E041CD0248C00524506 /* MLPCustomAutoCompleteCell.m in Sources */,
				CE26C7831CCDFBC900E9D894 /* StationController.m in Sources */,
				CE980F621CEC6CD9001B7D96 /* CustomView.m in Sources */,
				D0EB7E001CD0248200524506 /* MLPAutoCompleteTextField.m in Sources */,
				CE26C7581CCDE7FF00E9D894 /* ViewController.m in Sources */,
				CE980FB61CEEF9EE001B7D96 /* CustomTableCell.m in Sources */,
				D0EB7E011CD0248200524506 /* NSString+Levenshtein.m in Sources */,
				CE26C7551CCDE7FF00E9D894 /* AppDelegate.m in Sources */,
				CE26C7801CCDFBC000E9D894 /* Station.m in Sources */,
				CE26C77F1CCDFBC000E9D894 /* NetAdapter.m in Sources */,
				CE26C7791CCDEC5500E9D894 /* InfoViewController.m in Sources */,
				CE26C7521CCDE7FF00E9D894 /* main.m in Sources */,
			);
			runOnlyForDeploymentPostprocessing = 0;
		};
		CE26C7611CCDE80000E9D894 /* Sources */ = {
			isa = PBXSourcesBuildPhase;
			buildActionMask = 2147483647;
			files = (
				CE26C76C1CCDE80000E9D894 /* ViewExampleTests.m in Sources */,
			);
			runOnlyForDeploymentPostprocessing = 0;
		};
/* End PBXSourcesBuildPhase section */

/* Begin PBXTargetDependency section */
		CE26C7671CCDE80000E9D894 /* PBXTargetDependency */ = {
			isa = PBXTargetDependency;
			target = CE26C74B1CCDE7FF00E9D894 /* ViewExample */;
			targetProxy = CE26C7661CCDE80000E9D894 /* PBXContainerItemProxy */;
		};
/* End PBXTargetDependency section */

/* Begin PBXVariantGroup section */
		CE26C7591CCDE7FF00E9D894 /* Main.storyboard */ = {
			isa = PBXVariantGroup;
			children = (
				CE26C75A1CCDE7FF00E9D894 /* Base */,
			);
			name = Main.storyboard;
			sourceTree = "<group>";
		};
		CE26C75E1CCDE7FF00E9D894 /* LaunchScreen.xib */ = {
			isa = PBXVariantGroup;
			children = (
				CE26C75F1CCDE7FF00E9D894 /* Base */,
			);
			name = LaunchScreen.xib;
			sourceTree = "<group>";
		};
/* End PBXVariantGroup section */

/* Begin XCBuildConfiguration section */
		CE26C76D1CCDE80000E9D894 /* Debug */ = {
			isa = XCBuildConfiguration;
			buildSettings = {
				ALWAYS_SEARCH_USER_PATHS = NO;
				CLANG_CXX_LANGUAGE_STANDARD = "gnu++0x";
				CLANG_CXX_LIBRARY = "libc++";
				CLANG_ENABLE_MODULES = YES;
				CLANG_ENABLE_OBJC_ARC = NO;
				CLANG_WARN_BOOL_CONVERSION = YES;
				CLANG_WARN_CONSTANT_CONVERSION = YES;
				CLANG_WARN_DIRECT_OBJC_ISA_USAGE = YES_ERROR;
				CLANG_WARN_EMPTY_BODY = YES;
				CLANG_WARN_ENUM_CONVERSION = YES;
				CLANG_WARN_INT_CONVERSION = YES;
				CLANG_WARN_OBJC_ROOT_CLASS = YES_ERROR;
				CLANG_WARN_UNREACHABLE_CODE = YES;
				CLANG_WARN__DUPLICATE_METHOD_MATCH = YES;
				"CODE_SIGN_IDENTITY[sdk=iphoneos*]" = "iPhone Developer";
				COPY_PHASE_STRIP = NO;
				DEBUG_INFORMATION_FORMAT = "dwarf-with-dsym";
				ENABLE_STRICT_OBJC_MSGSEND = YES;
				GCC_C_LANGUAGE_STANDARD = gnu99;
				GCC_DYNAMIC_NO_PIC = NO;
				GCC_NO_COMMON_BLOCKS = YES;
				GCC_OPTIMIZATION_LEVEL = 0;
				GCC_PREPROCESSOR_DEFINITIONS = (
					"DEBUG=1",
					"$(inherited)",
				);
				GCC_SYMBOLS_PRIVATE_EXTERN = NO;
				GCC_WARN_64_TO_32_BIT_CONVERSION = YES;
				GCC_WARN_ABOUT_RETURN_TYPE = YES_ERROR;
				GCC_WARN_UNDECLARED_SELECTOR = YES;
				GCC_WARN_UNINITIALIZED_AUTOS = YES_AGGRESSIVE;
				GCC_WARN_UNUSED_FUNCTION = YES;
				GCC_WARN_UNUSED_VARIABLE = YES;
				IPHONEOS_DEPLOYMENT_TARGET = 6.0;
				MTL_ENABLE_DEBUG_INFO = YES;
				ONLY_ACTIVE_ARCH = YES;
				SDKROOT = iphoneos;
				TARGETED_DEVICE_FAMILY = "1,2";
			};
			name = Debug;
		};
		CE26C76E1CCDE80000E9D894 /* Release */ = {
			isa = XCBuildConfiguration;
			buildSettings = {
				ALWAYS_SEARCH_USER_PATHS = NO;
				CLANG_CXX_LANGUAGE_STANDARD = "gnu++0x";
				CLANG_CXX_LIBRARY = "libc++";
				CLANG_ENABLE_MODULES = YES;
				CLANG_ENABLE_OBJC_ARC = NO;
				CLANG_WARN_BOOL_CONVERSION = YES;
				CLANG_WARN_CONSTANT_CONVERSION = YES;
				CLANG_WARN_DIRECT_OBJC_ISA_USAGE = YES_ERROR;
				CLANG_WARN_EMPTY_BODY = YES;
				CLANG_WARN_ENUM_CONVERSION = YES;
				CLANG_WARN_INT_CONVERSION = YES;
				CLANG_WARN_OBJC_ROOT_CLASS = YES_ERROR;
				CLANG_WARN_UNREACHABLE_CODE = YES;
				CLANG_WARN__DUPLICATE_METHOD_MATCH = YES;
				"CODE_SIGN_IDENTITY[sdk=iphoneos*]" = "iPhone Developer";
				COPY_PHASE_STRIP = NO;
				DEBUG_INFORMATION_FORMAT = "dwarf-with-dsym";
				ENABLE_NS_ASSERTIONS = NO;
				ENABLE_STRICT_OBJC_MSGSEND = YES;
				GCC_C_LANGUAGE_STANDARD = gnu99;
				GCC_NO_COMMON_BLOCKS = YES;
				GCC_WARN_64_TO_32_BIT_CONVERSION = YES;
				GCC_WARN_ABOUT_RETURN_TYPE = YES_ERROR;
				GCC_WARN_UNDECLARED_SELECTOR = YES;
				GCC_WARN_UNINITIALIZED_AUTOS = YES_AGGRESSIVE;
				GCC_WARN_UNUSED_FUNCTION = YES;
				GCC_WARN_UNUSED_VARIABLE = YES;
				IPHONEOS_DEPLOYMENT_TARGET = 6.0;
				MTL_ENABLE_DEBUG_INFO = NO;
				SDKROOT = iphoneos;
				TARGETED_DEVICE_FAMILY = "1,2";
				VALIDATE_PRODUCT = YES;
			};
			name = Release;
		};
		CE26C7701CCDE80000E9D894 /* Debug */ = {
			isa = XCBuildConfiguration;
			buildSettings = {
				ASSETCATALOG_COMPILER_APPICON_NAME = AppIcon;
				INFOPLIST_FILE = ViewExample/Info.plist;
				LD_RUNPATH_SEARCH_PATHS = "$(inherited) @executable_path/Frameworks";
				PRODUCT_NAME = "$(TARGET_NAME)";
			};
			name = Debug;
		};
		CE26C7711CCDE80000E9D894 /* Release */ = {
			isa = XCBuildConfiguration;
			buildSettings = {
				ASSETCATALOG_COMPILER_APPICON_NAME = AppIcon;
				INFOPLIST_FILE = ViewExample/Info.plist;
				LD_RUNPATH_SEARCH_PATHS = "$(inherited) @executable_path/Frameworks";
				PRODUCT_NAME = "$(TARGET_NAME)";
			};
			name = Release;
		};
		CE26C7731CCDE80000E9D894 /* Debug */ = {
			isa = XCBuildConfiguration;
			buildSettings = {
				BUNDLE_LOADER = "$(TEST_HOST)";
				FRAMEWORK_SEARCH_PATHS = (
					"$(SDKROOT)/Developer/Library/Frameworks",
					"$(inherited)",
				);
				GCC_PREPROCESSOR_DEFINITIONS = (
					"DEBUG=1",
					"$(inherited)",
				);
				INFOPLIST_FILE = ViewExampleTests/Info.plist;
				LD_RUNPATH_SEARCH_PATHS = "$(inherited) @executable_path/Frameworks @loader_path/Frameworks";
				PRODUCT_NAME = "$(TARGET_NAME)";
				TEST_HOST = "$(BUILT_PRODUCTS_DIR)/ViewExample.app/ViewExample";
			};
			name = Debug;
		};
		CE26C7741CCDE80000E9D894 /* Release */ = {
			isa = XCBuildConfiguration;
			buildSettings = {
				BUNDLE_LOADER = "$(TEST_HOST)";
				FRAMEWORK_SEARCH_PATHS = (
					"$(SDKROOT)/Developer/Library/Frameworks",
					"$(inherited)",
				);
				INFOPLIST_FILE = ViewExampleTests/Info.plist;
				LD_RUNPATH_SEARCH_PATHS = "$(inherited) @executable_path/Frameworks @loader_path/Frameworks";
				PRODUCT_NAME = "$(TARGET_NAME)";
				TEST_HOST = "$(BUILT_PRODUCTS_DIR)/ViewExample.app/ViewExample";
			};
			name = Release;
		};
/* End XCBuildConfiguration section */

/* Begin XCConfigurationList section */
		CE26C7471CCDE7FF00E9D894 /* Build configuration list for PBXProject "ViewExample" */ = {
			isa = XCConfigurationList;
			buildConfigurations = (
				CE26C76D1CCDE80000E9D894 /* Debug */,
				CE26C76E1CCDE80000E9D894 /* Release */,
			);
			defaultConfigurationIsVisible = 0;
			defaultConfigurationName = Release;
		};
		CE26C76F1CCDE80000E9D894 /* Build configuration list for PBXNativeTarget "ViewExample" */ = {
			isa = XCConfigurationList;
			buildConfigurations = (
				CE26C7701CCDE80000E9D894 /* Debug */,
				CE26C7711CCDE80000E9D894 /* Release */,
			);
			defaultConfigurationIsVisible = 0;
			defaultConfigurationName = Release;
		};
		CE26C7721CCDE80000E9D894 /* Build configuration list for PBXNativeTarget "ViewExampleTests" */ = {
			isa = XCConfigurationList;
			buildConfigurations = (
				CE26C7731CCDE80000E9D894 /* Debug */,
				CE26C7741CCDE80000E9D894 /* Release */,
			);
			defaultConfigurationIsVisible = 0;
			defaultConfigurationName = Release;
		};
/* End XCConfigurationList section */
	};
	rootObject = CE26C7441CCDE7FF00E9D894 /* Project object */;
}
